// !$*UTF8*$!
{
	archiveVersion = 1;
	classes = {
	};
	objectVersion = 48;
	objects = {

/* Begin PBXBuildFile section */
		D831CB572007F2E0008C67E3 /* main.cpp in Sources */ = {isa = PBXBuildFile; fileRef = D831CB562007F2E0008C67E3 /* main.cpp */; };
		D884B7BF20080529005CFC9D /* CircularShortTimeFourierTransform.cpp in Sources */ = {isa = PBXBuildFile; fileRef = D884B7BD20080529005CFC9D /* CircularShortTimeFourierTransform.cpp */; };
		D884B7C220092CD4005CFC9D /* Accelerate.framework in Frameworks */ = {isa = PBXBuildFile; fileRef = D884B7C120092CD4005CFC9D /* Accelerate.framework */; };
		D88DF473200D54740076F5EE /* DynamicTimeMatcher.cpp in Sources */ = {isa = PBXBuildFile; fileRef = D88DF471200D54740076F5EE /* DynamicTimeMatcher.cpp */; };
/* End PBXBuildFile section */

/* Begin PBXCopyFilesBuildPhase section */
		D831CB512007F2E0008C67E3 /* CopyFiles */ = {
			isa = PBXCopyFilesBuildPhase;
			buildActionMask = 2147483647;
			dstPath = /usr/share/man/man1/;
			dstSubfolderSpec = 0;
			files = (
			);
			runOnlyForDeploymentPostprocessing = 1;
		};
/* End PBXCopyFilesBuildPhase section */

/* Begin PBXFileReference section */
		D831CB532007F2E0008C67E3 /* BelaWarpDetect */ = {isa = PBXFileReference; explicitFileType = "compiled.mach-o.executable"; includeInIndex = 0; path = BelaWarpDetect; sourceTree = BUILT_PRODUCTS_DIR; };
		D831CB562007F2E0008C67E3 /* main.cpp */ = {isa = PBXFileReference; lastKnownFileType = sourcecode.cpp.cpp; path = main.cpp; sourceTree = "<group>"; };
		D85CBA5320098AF300ACD86A /* render.cpp */ = {isa = PBXFileReference; lastKnownFileType = sourcecode.cpp.cpp; path = render.cpp; sourceTree = "<group>"; };
		D884B7BD20080529005CFC9D /* CircularShortTimeFourierTransform.cpp */ = {isa = PBXFileReference; lastKnownFileType = sourcecode.cpp.cpp; path = CircularShortTimeFourierTransform.cpp; sourceTree = "<group>"; };
		D884B7BE20080529005CFC9D /* CircularShortTimeFourierTransform.hpp */ = {isa = PBXFileReference; lastKnownFileType = sourcecode.cpp.h; path = CircularShortTimeFourierTransform.hpp; sourceTree = "<group>"; };
		D884B7C120092CD4005CFC9D /* Accelerate.framework */ = {isa = PBXFileReference; lastKnownFileType = wrapper.framework; name = Accelerate.framework; path = System/Library/Frameworks/Accelerate.framework; sourceTree = SDKROOT; };
		D88DF471200D54740076F5EE /* DynamicTimeMatcher.cpp */ = {isa = PBXFileReference; lastKnownFileType = sourcecode.cpp.cpp; path = DynamicTimeMatcher.cpp; sourceTree = "<group>"; };
		D88DF472200D54740076F5EE /* DynamicTimeMatcher.hpp */ = {isa = PBXFileReference; lastKnownFileType = sourcecode.cpp.h; path = DynamicTimeMatcher.hpp; sourceTree = "<group>"; };
		D898B9B9200EF9CD0090338B /* dtm.cpp */ = {isa = PBXFileReference; lastKnownFileType = sourcecode.cpp.cpp; path = dtm.cpp; sourceTree = "<group>"; };
/* End PBXFileReference section */

/* Begin PBXFrameworksBuildPhase section */
		D831CB502007F2E0008C67E3 /* Frameworks */ = {
			isa = PBXFrameworksBuildPhase;
			buildActionMask = 2147483647;
			files = (
				D884B7C220092CD4005CFC9D /* Accelerate.framework in Frameworks */,
			);
			runOnlyForDeploymentPostprocessing = 0;
		};
/* End PBXFrameworksBuildPhase section */

/* Begin PBXGroup section */
		D831CB4A2007F2E0008C67E3 = {
			isa = PBXGroup;
			children = (
				D831CB552007F2E0008C67E3 /* BelaWarpDetect */,
				D831CB542007F2E0008C67E3 /* Products */,
				D884B7C020092CD4005CFC9D /* Frameworks */,
			);
			sourceTree = "<group>";
		};
		D831CB542007F2E0008C67E3 /* Products */ = {
			isa = PBXGroup;
			children = (
				D831CB532007F2E0008C67E3 /* BelaWarpDetect */,
			);
			name = Products;
			sourceTree = "<group>";
		};
		D831CB552007F2E0008C67E3 /* BelaWarpDetect */ = {
			isa = PBXGroup;
			children = (
				D8AACCF820124445007A1A93 /* Library */,
				D8AACCF720124421007A1A93 /* Matlab */,
				D831CB562007F2E0008C67E3 /* main.cpp */,
				D85CBA5320098AF300ACD86A /* render.cpp */,
			);
			path = BelaWarpDetect;
			sourceTree = "<group>";
		};
		D884B7C020092CD4005CFC9D /* Frameworks */ = {
			isa = PBXGroup;
			children = (
				D884B7C120092CD4005CFC9D /* Accelerate.framework */,
			);
			name = Frameworks;
			sourceTree = "<group>";
		};
		D8AACCF720124421007A1A93 /* Matlab */ = {
			isa = PBXGroup;
			children = (
				D898B9B9200EF9CD0090338B /* dtm.cpp */,
			);
			path = Matlab;
			sourceTree = "<group>";
		};
		D8AACCF820124445007A1A93 /* Library */ = {
			isa = PBXGroup;
			children = (
				D884B7BD20080529005CFC9D /* CircularShortTimeFourierTransform.cpp */,
				D884B7BE20080529005CFC9D /* CircularShortTimeFourierTransform.hpp */,
				D88DF471200D54740076F5EE /* DynamicTimeMatcher.cpp */,
				D88DF472200D54740076F5EE /* DynamicTimeMatcher.hpp */,
			);
			path = Library;
			sourceTree = "<group>";
		};
/* End PBXGroup section */

/* Begin PBXNativeTarget section */
		D831CB522007F2E0008C67E3 /* BelaWarpDetect */ = {
			isa = PBXNativeTarget;
			buildConfigurationList = D831CB5A2007F2E0008C67E3 /* Build configuration list for PBXNativeTarget "BelaWarpDetect" */;
			buildPhases = (
				D831CB4F2007F2E0008C67E3 /* Sources */,
				D831CB502007F2E0008C67E3 /* Frameworks */,
				D831CB512007F2E0008C67E3 /* CopyFiles */,
			);
			buildRules = (
			);
			dependencies = (
			);
			name = BelaWarpDetect;
			productName = BelaWarpDetect;
			productReference = D831CB532007F2E0008C67E3 /* BelaWarpDetect */;
			productType = "com.apple.product-type.tool";
		};
/* End PBXNativeTarget section */

/* Begin PBXProject section */
		D831CB4B2007F2E0008C67E3 /* Project object */ = {
			isa = PBXProject;
			attributes = {
				LastUpgradeCheck = 0920;
				ORGANIZATIONNAME = "Nathan Perkins";
				TargetAttributes = {
					D831CB522007F2E0008C67E3 = {
						CreatedOnToolsVersion = 9.2;
						ProvisioningStyle = Automatic;
					};
				};
			};
			buildConfigurationList = D831CB4E2007F2E0008C67E3 /* Build configuration list for PBXProject "BelaWarpDetect" */;
			compatibilityVersion = "Xcode 8.0";
			developmentRegion = en;
			hasScannedForEncodings = 0;
			knownRegions = (
				en,
			);
			mainGroup = D831CB4A2007F2E0008C67E3;
			productRefGroup = D831CB542007F2E0008C67E3 /* Products */;
			projectDirPath = "";
			projectRoot = "";
			targets = (
				D831CB522007F2E0008C67E3 /* BelaWarpDetect */,
			);
		};
/* End PBXProject section */

/* Begin PBXSourcesBuildPhase section */
		D831CB4F2007F2E0008C67E3 /* Sources */ = {
			isa = PBXSourcesBuildPhase;
			buildActionMask = 2147483647;
			files = (
				D884B7BF20080529005CFC9D /* CircularShortTimeFourierTransform.cpp in Sources */,
				D831CB572007F2E0008C67E3 /* main.cpp in Sources */,
				D88DF473200D54740076F5EE /* DynamicTimeMatcher.cpp in Sources */,
			);
			runOnlyForDeploymentPostprocessing = 0;
		};
/* End PBXSourcesBuildPhase section */

/* Begin XCBuildConfiguration section */
		D831CB582007F2E0008C67E3 /* Debug */ = {
			isa = XCBuildConfiguration;
			buildSettings = {
				ALWAYS_SEARCH_USER_PATHS = NO;
				CLANG_ANALYZER_NONNULL = YES;
				CLANG_ANALYZER_NUMBER_OBJECT_CONVERSION = YES_AGGRESSIVE;
				CLANG_CXX_LANGUAGE_STANDARD = "gnu++14";
				CLANG_CXX_LIBRARY = "libc++";
				CLANG_ENABLE_MODULES = YES;
				CLANG_ENABLE_OBJC_ARC = YES;
				CLANG_WARN_BLOCK_CAPTURE_AUTORELEASING = YES;
				CLANG_WARN_BOOL_CONVERSION = YES;
				CLANG_WARN_COMMA = YES;
				CLANG_WARN_CONSTANT_CONVERSION = YES;
				CLANG_WARN_DIRECT_OBJC_ISA_USAGE = YES_ERROR;
				CLANG_WARN_DOCUMENTATION_COMMENTS = YES;
				CLANG_WARN_EMPTY_BODY = YES;
				CLANG_WARN_ENUM_CONVERSION = YES;
				CLANG_WARN_INFINITE_RECURSION = YES;
				CLANG_WARN_INT_CONVERSION = YES;
				CLANG_WARN_NON_LITERAL_NULL_CONVERSION = YES;
				CLANG_WARN_OBJC_LITERAL_CONVERSION = YES;
				CLANG_WARN_OBJC_ROOT_CLASS = YES_ERROR;
				CLANG_WARN_RANGE_LOOP_ANALYSIS = YES;
				CLANG_WARN_STRICT_PROTOTYPES = YES;
				CLANG_WARN_SUSPICIOUS_MOVE = YES;
				CLANG_WARN_UNGUARDED_AVAILABILITY = YES_AGGRESSIVE;
				CLANG_WARN_UNREACHABLE_CODE = YES;
				CLANG_WARN__DUPLICATE_METHOD_MATCH = YES;
				CODE_SIGN_IDENTITY = "Mac Developer";
				COPY_PHASE_STRIP = NO;
				DEBUG_INFORMATION_FORMAT = dwarf;
				ENABLE_STRICT_OBJC_MSGSEND = YES;
				ENABLE_TESTABILITY = YES;
				GCC_C_LANGUAGE_STANDARD = gnu11;
				GCC_DYNAMIC_NO_PIC = NO;
				GCC_NO_COMMON_BLOCKS = YES;
				GCC_OPTIMIZATION_LEVEL = 0;
				GCC_PREPROCESSOR_DEFINITIONS = (
					"DEBUG=1",
					"$(inherited)",
				);
				GCC_WARN_64_TO_32_BIT_CONVERSION = YES;
				GCC_WARN_ABOUT_RETURN_TYPE = YES_ERROR;
				GCC_WARN_UNDECLARED_SELECTOR = YES;
				GCC_WARN_UNINITIALIZED_AUTOS = YES_AGGRESSIVE;
				GCC_WARN_UNUSED_FUNCTION = YES;
				GCC_WARN_UNUSED_VARIABLE = YES;
				MACOSX_DEPLOYMENT_TARGET = 10.13;
				MTL_ENABLE_DEBUG_INFO = YES;
				ONLY_ACTIVE_ARCH = YES;
				SDKROOT = macosx;
			};
			name = Debug;
		};
		D831CB592007F2E0008C67E3 /* Release */ = {
			isa = XCBuildConfiguration;
			buildSettings = {
				ALWAYS_SEARCH_USER_PATHS = NO;
				CLANG_ANALYZER_NONNULL = YES;
				CLANG_ANALYZER_NUMBER_OBJECT_CONVERSION = YES_AGGRESSIVE;
				CLANG_CXX_LANGUAGE_STANDARD = "gnu++14";
				CLANG_CXX_LIBRARY = "libc++";
				CLANG_ENABLE_MODULES = YES;
				CLANG_ENABLE_OBJC_ARC = YES;
				CLANG_WARN_BLOCK_CAPTURE_AUTORELEASING = YES;
				CLANG_WARN_BOOL_CONVERSION = YES;
				CLANG_WARN_COMMA = YES;
				CLANG_WARN_CONSTANT_CONVERSION = YES;
				CLANG_WARN_DIRECT_OBJC_ISA_USAGE = YES_ERROR;
				CLANG_WARN_DOCUMENTATION_COMMENTS = YES;
				CLANG_WARN_EMPTY_BODY = YES;
				CLANG_WARN_ENUM_CONVERSION = YES;
				CLANG_WARN_INFINITE_RECURSION = YES;
				CLANG_WARN_INT_CONVERSION = YES;
				CLANG_WARN_NON_LITERAL_NULL_CONVERSION = YES;
				CLANG_WARN_OBJC_LITERAL_CONVERSION = YES;
				CLANG_WARN_OBJC_ROOT_CLASS = YES_ERROR;
				CLANG_WARN_RANGE_LOOP_ANALYSIS = YES;
				CLANG_WARN_STRICT_PROTOTYPES = YES;
				CLANG_WARN_SUSPICIOUS_MOVE = YES;
				CLANG_WARN_UNGUARDED_AVAILABILITY = YES_AGGRESSIVE;
				CLANG_WARN_UNREACHABLE_CODE = YES;
				CLANG_WARN__DUPLICATE_METHOD_MATCH = YES;
				CODE_SIGN_IDENTITY = "Mac Developer";
				COPY_PHASE_STRIP = NO;
				DEBUG_INFORMATION_FORMAT = "dwarf-with-dsym";
				ENABLE_NS_ASSERTIONS = NO;
				ENABLE_STRICT_OBJC_MSGSEND = YES;
				GCC_C_LANGUAGE_STANDARD = gnu11;
				GCC_NO_COMMON_BLOCKS = YES;
				GCC_WARN_64_TO_32_BIT_CONVERSION = YES;
				GCC_WARN_ABOUT_RETURN_TYPE = YES_ERROR;
				GCC_WARN_UNDECLARED_SELECTOR = YES;
				GCC_WARN_UNINITIALIZED_AUTOS = YES_AGGRESSIVE;
				GCC_WARN_UNUSED_FUNCTION = YES;
				GCC_WARN_UNUSED_VARIABLE = YES;
				MACOSX_DEPLOYMENT_TARGET = 10.13;
				MTL_ENABLE_DEBUG_INFO = NO;
				SDKROOT = macosx;
			};
			name = Release;
		};
		D831CB5B2007F2E0008C67E3 /* Debug */ = {
			isa = XCBuildConfiguration;
			buildSettings = {
				CODE_SIGN_STYLE = Automatic;
				DEVELOPMENT_TEAM = WRZPP65FJN;
				PRODUCT_NAME = "$(TARGET_NAME)";
			};
			name = Debug;
		};
		D831CB5C2007F2E0008C67E3 /* Release */ = {
			isa = XCBuildConfiguration;
			buildSettings = {
				CODE_SIGN_STYLE = Automatic;
				DEVELOPMENT_TEAM = WRZPP65FJN;
				PRODUCT_NAME = "$(TARGET_NAME)";
			};
			name = Release;
		};
/* End XCBuildConfiguration section */

/* Begin XCConfigurationList section */
		D831CB4E2007F2E0008C67E3 /* Build configuration list for PBXProject "BelaWarpDetect" */ = {
			isa = XCConfigurationList;
			buildConfigurations = (
				D831CB582007F2E0008C67E3 /* Debug */,
				D831CB592007F2E0008C67E3 /* Release */,
			);
			defaultConfigurationIsVisible = 0;
			defaultConfigurationName = Release;
		};
		D831CB5A2007F2E0008C67E3 /* Build configuration list for PBXNativeTarget "BelaWarpDetect" */ = {
			isa = XCConfigurationList;
			buildConfigurations = (
				D831CB5B2007F2E0008C67E3 /* Debug */,
				D831CB5C2007F2E0008C67E3 /* Release */,
			);
			defaultConfigurationIsVisible = 0;
			defaultConfigurationName = Release;
		};
/* End XCConfigurationList section */
	};
	rootObject = D831CB4B2007F2E0008C67E3 /* Project object */;
}
